// !$*UTF8*$!
{
	archiveVersion = 1;
	classes = {
	};
	objectVersion = 48;
	objects = {

/* Begin PBXBuildFile section */
		FDAF9B771FB5F21B0075820C /* AppDelegate.swift in Sources */ = {isa = PBXBuildFile; fileRef = FDAF9B761FB5F21B0075820C /* AppDelegate.swift */; };
		FDAF9B791FB5F21B0075820C /* ViewController.swift in Sources */ = {isa = PBXBuildFile; fileRef = FDAF9B781FB5F21B0075820C /* ViewController.swift */; };
		FDAF9B7C1FB5F21B0075820C /* Main.storyboard in Resources */ = {isa = PBXBuildFile; fileRef = FDAF9B7A1FB5F21B0075820C /* Main.storyboard */; };
		FDAF9B7E1FB5F21B0075820C /* Assets.xcassets in Resources */ = {isa = PBXBuildFile; fileRef = FDAF9B7D1FB5F21B0075820C /* Assets.xcassets */; };
		FDAF9B811FB5F21B0075820C /* LaunchScreen.storyboard in Resources */ = {isa = PBXBuildFile; fileRef = FDAF9B7F1FB5F21B0075820C /* LaunchScreen.storyboard */; };
/* End PBXBuildFile section */

/* Begin PBXFileReference section */
		FDAF9B731FB5F21B0075820C /* 1110 隨機數遊戲.app */ = {isa = PBXFileReference; explicitFileType = wrapper.application; includeInIndex = 0; path = "1110 隨機數遊戲.app"; sourceTree = BUILT_PRODUCTS_DIR; };
		FDAF9B761FB5F21B0075820C /* AppDelegate.swift */ = {isa = PBXFileReference; lastKnownFileType = sourcecode.swift; path = AppDelegate.swift; sourceTree = "<group>"; };
		FDAF9B781FB5F21B0075820C /* ViewController.swift */ = {isa = PBXFileReference; lastKnownFileType = sourcecode.swift; path = ViewController.swift; sourceTree = "<group>"; };
		FDAF9B7B1FB5F21B0075820C /* Base */ = {isa = PBXFileReference; lastKnownFileType = file.storyboard; name = Base; path = Base.lproj/Main.storyboard; sourceTree = "<group>"; };
		FDAF9B7D1FB5F21B0075820C /* Assets.xcassets */ = {isa = PBXFileReference; lastKnownFileType = folder.assetcatalog; path = Assets.xcassets; sourceTree = "<group>"; };
		FDAF9B801FB5F21B0075820C /* Base */ = {isa = PBXFileReference; lastKnownFileType = file.storyboard; name = Base; path = Base.lproj/LaunchScreen.storyboard; sourceTree = "<group>"; };
		FDAF9B821FB5F21B0075820C /* Info.plist */ = {isa = PBXFileReference; lastKnownFileType = text.plist.xml; path = Info.plist; sourceTree = "<group>"; };
/* End PBXFileReference section */

/* Begin PBXFrameworksBuildPhase section */
		FDAF9B701FB5F21A0075820C /* Frameworks */ = {
			isa = PBXFrameworksBuildPhase;
			buildActionMask = 2147483647;
			files = (
			);
			runOnlyForDeploymentPostprocessing = 0;
		};
/* End PBXFrameworksBuildPhase section */

/* Begin PBXGroup section */
		FDAF9B6A1FB5F21A0075820C = {
			isa = PBXGroup;
			children = (
				FDAF9B751FB5F21B0075820C /* 1110 隨機數遊戲 */,
				FDAF9B741FB5F21B0075820C /* Products */,
			);
			sourceTree = "<group>";
		};
		FDAF9B741FB5F21B0075820C /* Products */ = {
			isa = PBXGroup;
			children = (
				FDAF9B731FB5F21B0075820C /* 1110 隨機數遊戲.app */,
			);
			name = Products;
			sourceTree = "<group>";
		};
		FDAF9B751FB5F21B0075820C /* 1110 隨機數遊戲 */ = {
			isa = PBXGroup;
			children = (
				FDAF9B761FB5F21B0075820C /* AppDelegate.swift */,
				FDAF9B781FB5F21B0075820C /* ViewController.swift */,
				FDAF9B7A1FB5F21B0075820C /* Main.storyboard */,
				FDAF9B7D1FB5F21B0075820C /* Assets.xcassets */,
				FDAF9B7F1FB5F21B0075820C /* LaunchScreen.storyboard */,
				FDAF9B821FB5F21B0075820C /* Info.plist */,
			);
			path = "1110 隨機數遊戲";
			sourceTree = "<group>";
		};
/* End PBXGroup section */

/* Begin PBXNativeTarget section */
		FDAF9B721FB5F21A0075820C /* 1110 隨機數遊戲 */ = {
			isa = PBXNativeTarget;
			buildConfigurationList = FDAF9B851FB5F21B0075820C /* Build configuration list for PBXNativeTarget "1110 隨機數遊戲" */;
			buildPhases = (
				FDAF9B6F1FB5F21A0075820C /* Sources */,
				FDAF9B701FB5F21A0075820C /* Frameworks */,
				FDAF9B711FB5F21A0075820C /* Resources */,
			);
			buildRules = (
			);
			dependencies = (
			);
			name = "1110 隨機數遊戲";
			productName = "1110 隨機數遊戲";
			productReference = FDAF9B731FB5F21B0075820C /* 1110 隨機數遊戲.app */;
			productType = "com.apple.product-type.application";
		};
/* End PBXNativeTarget section */

/* Begin PBXProject section */
		FDAF9B6B1FB5F21A0075820C /* Project object */ = {
			isa = PBXProject;
			attributes = {
				LastSwiftUpdateCheck = 0900;
				LastUpgradeCheck = 0900;
				ORGANIZATIONNAME = yungyili;
				TargetAttributes = {
					FDAF9B721FB5F21A0075820C = {
						CreatedOnToolsVersion = 9.0.1;
						ProvisioningStyle = Automatic;
					};
				};
			};
			buildConfigurationList = FDAF9B6E1FB5F21A0075820C /* Build configuration list for PBXProject "1110 隨機數遊戲" */;
			compatibilityVersion = "Xcode 8.0";
			developmentRegion = en;
			hasScannedForEncodings = 0;
			knownRegions = (
				en,
				Base,
			);
			mainGroup = FDAF9B6A1FB5F21A0075820C;
			productRefGroup = FDAF9B741FB5F21B0075820C /* Products */;
			projectDirPath = "";
			projectRoot = "";
			targets = (
				FDAF9B721FB5F21A0075820C /* 1110 隨機數遊戲 */,
			);
		};
/* End PBXProject section */

/* Begin PBXResourcesBuildPhase section */
		FDAF9B711FB5F21A0075820C /* Resources */ = {
			isa = PBXResourcesBuildPhase;
			buildActionMask = 2147483647;
			files = (
				FDAF9B811FB5F21B0075820C /* LaunchScreen.storyboard in Resources */,
				FDAF9B7E1FB5F21B0075820C /* Assets.xcassets in Resources */,
				FDAF9B7C1FB5F21B0075820C /* Main.storyboard in Resources */,
			);
			runOnlyForDeploymentPostprocessing = 0;
		};
/* End PBXResourcesBuildPhase section */

/* Begin PBXSourcesBuildPhase section */
		FDAF9B6F1FB5F21A0075820C /* Sources */ = {
			isa = PBXSourcesBuildPhase;
			buildActionMask = 2147483647;
			files = (
				FDAF9B791FB5F21B0075820C /* ViewController.swift in Sources */,
				FDAF9B771FB5F21B0075820C /* AppDelegate.swift in Sources */,
			);
			runOnlyForDeploymentPostprocessing = 0;
		};
/* End PBXSourcesBuildPhase section */

/* Begin PBXVariantGroup section */
		FDAF9B7A1FB5F21B0075820C /* Main.storyboard */ = {
			isa = PBXVariantGroup;
			children = (
				FDAF9B7B1FB5F21B0075820C /* Base */,
			);
			name = Main.storyboard;
			sourceTree = "<group>";
		};
		FDAF9B7F1FB5F21B0075820C /* LaunchScreen.storyboard */ = {
			isa = PBXVariantGroup;
			children = (
				FDAF9B801FB5F21B0075820C /* Base */,
			);
			name = LaunchScreen.storyboard;
			sourceTree = "<group>";
		};
/* End PBXVariantGroup section */

/* Begin XCBuildConfiguration section */
		FDAF9B831FB5F21B0075820C /* Debug */ = {
			isa = XCBuildConfiguration;
			buildSettings = {
				ALWAYS_SEARCH_USER_PATHS = NO;
				CLANG_ANALYZER_NONNULL = YES;
				CLANG_ANALYZER_NUMBER_OBJECT_CONVERSION = YES_AGGRESSIVE;
				CLANG_CXX_LANGUAGE_STANDARD = "gnu++14";
				CLANG_CXX_LIBRARY = "libc++";
				CLANG_ENABLE_MODULES = YES;
				CLANG_ENABLE_OBJC_ARC = YES;
				CLANG_WARN_BLOCK_CAPTURE_AUTORELEASING = YES;
				CLANG_WARN_BOOL_CONVERSION = YES;
				CLANG_WARN_COMMA = YES;
				CLANG_WARN_CONSTANT_CONVERSION = YES;
				CLANG_WARN_DIRECT_OBJC_ISA_USAGE = YES_ERROR;
				CLANG_WARN_DOCUMENTATION_COMMENTS = YES;
				CLANG_WARN_EMPTY_BODY = YES;
				CLANG_WARN_ENUM_CONVERSION = YES;
				CLANG_WARN_INFINITE_RECURSION = YES;
				CLANG_WARN_INT_CONVERSION = YES;
				CLANG_WARN_NON_LITERAL_NULL_CONVERSION = YES;
				CLANG_WARN_OBJC_LITERAL_CONVERSION = YES;
				CLANG_WARN_OBJC_ROOT_CLASS = YES_ERROR;
				CLANG_WARN_RANGE_LOOP_ANALYSIS = YES;
				CLANG_WARN_STRICT_PROTOTYPES = YES;
				CLANG_WARN_SUSPICIOUS_MOVE = YES;
				CLANG_WARN_UNGUARDED_AVAILABILITY = YES_AGGRESSIVE;
				CLANG_WARN_UNREACHABLE_CODE = YES;
				CLANG_WARN__DUPLICATE_METHOD_MATCH = YES;
				CODE_SIGN_IDENTITY = "iPhone Developer";
				COPY_PHASE_STRIP = NO;
				DEBUG_INFORMATION_FORMAT = dwarf;
				ENABLE_STRICT_OBJC_MSGSEND = YES;
				ENABLE_TESTABILITY = YES;
				GCC_C_LANGUAGE_STANDARD = gnu11;
				GCC_DYNAMIC_NO_PIC = NO;
				GCC_NO_COMMON_BLOCKS = YES;
				GCC_OPTIMIZATION_LEVEL = 0;
				GCC_PREPROCESSOR_DEFINITIONS = (
					"DEBUG=1",
					"$(inherited)",
				);
				GCC_WARN_64_TO_32_BIT_CONVERSION = YES;
				GCC_WARN_ABOUT_RETURN_TYPE = YES_ERROR;
				GCC_WARN_UNDECLARED_SELECTOR = YES;
				GCC_WARN_UNINITIALIZED_AUTOS = YES_AGGRESSIVE;
				GCC_WARN_UNUSED_FUNCTION = YES;
				GCC_WARN_UNUSED_VARIABLE = YES;
				IPHONEOS_DEPLOYMENT_TARGET = 11.0;
				MTL_ENABLE_DEBUG_INFO = YES;
				ONLY_ACTIVE_ARCH = YES;
				SDKROOT = iphoneos;
				SWIFT_ACTIVE_COMPILATION_CONDITIONS = DEBUG;
				SWIFT_OPTIMIZATION_LEVEL = "-Onone";
			};
			name = Debug;
		};
		FDAF9B841FB5F21B0075820C /* Release */ = {
			isa = XCBuildConfiguration;
			buildSettings = {
				ALWAYS_SEARCH_USER_PATHS = NO;
				CLANG_ANALYZER_NONNULL = YES;
				CLANG_ANALYZER_NUMBER_OBJECT_CONVERSION = YES_AGGRESSIVE;
				CLANG_CXX_LANGUAGE_STANDARD = "gnu++14";
				CLANG_CXX_LIBRARY = "libc++";
				CLANG_ENABLE_MODULES = YES;
				CLANG_ENABLE_OBJC_ARC = YES;
				CLANG_WARN_BLOCK_CAPTURE_AUTORELEASING = YES;
				CLANG_WARN_BOOL_CONVERSION = YES;
				CLANG_WARN_COMMA = YES;
				CLANG_WARN_CONSTANT_CONVERSION = YES;
				CLANG_WARN_DIRECT_OBJC_ISA_USAGE = YES_ERROR;
				CLANG_WARN_DOCUMENTATION_COMMENTS = YES;
				CLANG_WARN_EMPTY_BODY = YES;
				CLANG_WARN_ENUM_CONVERSION = YES;
				CLANG_WARN_INFINITE_RECURSION = YES;
				CLANG_WARN_INT_CONVERSION = YES;
				CLANG_WARN_NON_LITERAL_NULL_CONVERSION = YES;
				CLANG_WARN_OBJC_LITERAL_CONVERSION = YES;
				CLANG_WARN_OBJC_ROOT_CLASS = YES_ERROR;
				CLANG_WARN_RANGE_LOOP_ANALYSIS = YES;
				CLANG_WARN_STRICT_PROTOTYPES = YES;
				CLANG_WARN_SUSPICIOUS_MOVE = YES;
				CLANG_WARN_UNGUARDED_AVAILABILITY = YES_AGGRESSIVE;
				CLANG_WARN_UNREACHABLE_CODE = YES;
				CLANG_WARN__DUPLICATE_METHOD_MATCH = YES;
				CODE_SIGN_IDENTITY = "iPhone Developer";
				COPY_PHASE_STRIP = NO;
				DEBUG_INFORMATION_FORMAT = "dwarf-with-dsym";
				ENABLE_NS_ASSERTIONS = NO;
				ENABLE_STRICT_OBJC_MSGSEND = YES;
				GCC_C_LANGUAGE_STANDARD = gnu11;
				GCC_NO_COMMON_BLOCKS = YES;
				GCC_WARN_64_TO_32_BIT_CONVERSION = YES;
				GCC_WARN_ABOUT_RETURN_TYPE = YES_ERROR;
				GCC_WARN_UNDECLARED_SELECTOR = YES;
				GCC_WARN_UNINITIALIZED_AUTOS = YES_AGGRESSIVE;
				GCC_WARN_UNUSED_FUNCTION = YES;
				GCC_WARN_UNUSED_VARIABLE = YES;
				IPHONEOS_DEPLOYMENT_TARGET = 11.0;
				MTL_ENABLE_DEBUG_INFO = NO;
				SDKROOT = iphoneos;
				SWIFT_OPTIMIZATION_LEVEL = "-Owholemodule";
				VALIDATE_PRODUCT = YES;
			};
			name = Release;
		};
		FDAF9B861FB5F21B0075820C /* Debug */ = {
			isa = XCBuildConfiguration;
			buildSettings = {
				ASSETCATALOG_COMPILER_APPICON_NAME = AppIcon;
				CODE_SIGN_STYLE = Automatic;
				INFOPLIST_FILE = "1110 隨機數遊戲/Info.plist";
				LD_RUNPATH_SEARCH_PATHS = "$(inherited) @executable_path/Frameworks";
				PRODUCT_BUNDLE_IDENTIFIER = "com.ioslearning.-110------";
				PRODUCT_NAME = "$(TARGET_NAME)";
				SWIFT_VERSION = 4.0;
				TARGETED_DEVICE_FAMILY = "1,2";
			};
			name = Debug;
		};
		FDAF9B871FB5F21B0075820C /* Release */ = {
			isa = XCBuildConfiguration;
			buildSettings = {
				ASSETCATALOG_COMPILER_APPICON_NAME = AppIcon;
				CODE_SIGN_STYLE = Automatic;
				INFOPLIST_FILE = "1110 隨機數遊戲/Info.plist";
				LD_RUNPATH_SEARCH_PATHS = "$(inherited) @executable_path/Frameworks";
				PRODUCT_BUNDLE_IDENTIFIER = "com.ioslearning.-110------";
				PRODUCT_NAME = "$(TARGET_NAME)";
				SWIFT_VERSION = 4.0;
				TARGETED_DEVICE_FAMILY = "1,2";
			};
			name = Release;
		};
/* End XCBuildConfiguration section */

/* Begin XCConfigurationList section */
		FDAF9B6E1FB5F21A0075820C /* Build configuration list for PBXProject "1110 隨機數遊戲" */ = {
			isa = XCConfigurationList;
			buildConfigurations = (
				FDAF9B831FB5F21B0075820C /* Debug */,
				FDAF9B841FB5F21B0075820C /* Release */,
			);
			defaultConfigurationIsVisible = 0;
			defaultConfigurationName = Release;
		};
		FDAF9B851FB5F21B0075820C /* Build configuration list for PBXNativeTarget "1110 隨機數遊戲" */ = {
			isa = XCConfigurationList;
			buildConfigurations = (
				FDAF9B861FB5F21B0075820C /* Debug */,
				FDAF9B871FB5F21B0075820C /* Release */,
			);
			defaultConfigurationIsVisible = 0;
			defaultConfigurationName = Release;
		};
/* End XCConfigurationList section */
	};
	rootObject = FDAF9B6B1FB5F21A0075820C /* Project object */;
}
